
Microsoft Visual Studio Solution File, Format Version 12.00
# Visual Studio 15
VisualStudioVersion = 15.0.27130.2036
MinimumVisualStudioVersion = 10.0.40219.1
Project("{FAE04EC0-301F-11D3-BF4B-00C04F79EFBC}") = "DateTimeCustom", "DateTimeCustom\DateTimeCustom.csproj", "{9C36B494-DE4E-4531-A2BD-28E33C967FB1}"
EndProject
Project("{FAE04EC0-301F-11D3-BF4B-00C04F79EFBC}") = "DateTimeCustomTests", "DateTimeCustomTests\DateTimeCustomTests.csproj", "{39F90394-1891-45D7-B167-91951D774DF1}"
EndProject
Project("{FAE04EC0-301F-11D3-BF4B-00C04F79EFBC}") = "DateTimeCustomConsoleApp", "DateTimeCustomConsoleApp\DateTimeCustomConsoleApp.csproj", "{062795E9-8947-4083-8669-F851D339E0DC}"
EndProject
Global
	GlobalSection(SolutionConfigurationPlatforms) = preSolution
		Debug|Any CPU = Debug|Any CPU
		Release|Any CPU = Release|Any CPU
	EndGlobalSection
	GlobalSection(ProjectConfigurationPlatforms) = postSolution
		{9C36B494-DE4E-4531-A2BD-28E33C967FB1}.Debug|Any CPU.ActiveCfg = Debug|Any CPU
		{9C36B494-DE4E-4531-A2BD-28E33C967FB1}.Debug|Any CPU.Build.0 = Debug|Any CPU
		{9C36B494-DE4E-4531-A2BD-28E33C967FB1}.Release|Any CPU.ActiveCfg = Release|Any CPU
		{9C36B494-DE4E-4531-A2BD-28E33C967FB1}.Release|Any CPU.Build.0 = Release|Any CPU
		{39F90394-1891-45D7-B167-91951D774DF1}.Debug|Any CPU.ActiveCfg = Debug|Any CPU
		{39F90394-1891-45D7-B167-91951D774DF1}.Debug|Any CPU.Build.0 = Debug|Any CPU
		{39F90394-1891-45D7-B167-91951D774DF1}.Release|Any CPU.ActiveCfg = Release|Any CPU
		{39F90394-1891-45D7-B167-91951D774DF1}.Release|Any CPU.Build.0 = Release|Any CPU
		{062795E9-8947-4083-8669-F851D339E0DC}.Debug|Any CPU.ActiveCfg = Debug|Any CPU
		{062795E9-8947-4083-8669-F851D339E0DC}.Debug|Any CPU.Build.0 = Debug|Any CPU
		{062795E9-8947-4083-8669-F851D339E0DC}.Release|Any CPU.ActiveCfg = Release|Any CPU
		{062795E9-8947-4083-8669-F851D339E0DC}.Release|Any CPU.Build.0 = Release|Any CPU
	EndGlobalSection
	GlobalSection(SolutionProperties) = preSolution
		HideSolutionNode = FALSE
	EndGlobalSection
	GlobalSection(ExtensibilityGlobals) = postSolution
		SolutionGuid = {77BA0E01-3187-47DA-B8C5-956DAF657FBB}
	EndGlobalSection
EndGlobal
