
Microsoft Visual Studio Solution File, Format Version 12.00
# Visual Studio Version 16
VisualStudioVersion = 16.0.30523.141
MinimumVisualStudioVersion = 10.0.40219.1
Project("{FAE04EC0-301F-11D3-BF4B-00C04F79EFBC}") = "EncryptDecrypt", "EncryptDecrypt.csproj", "{092C9597-A091-4B91-B843-C8BD577F6E31}"
EndProject
Global
	GlobalSection(SolutionConfigurationPlatforms) = preSolution
		Debug|Any CPU = Debug|Any CPU
		Release|Any CPU = Release|Any CPU
	EndGlobalSection
	GlobalSection(ProjectConfigurationPlatforms) = postSolution
		{092C9597-A091-4B91-B843-C8BD577F6E31}.Debug|Any CPU.ActiveCfg = Debug|Any CPU
		{092C9597-A091-4B91-B843-C8BD577F6E31}.Debug|Any CPU.Build.0 = Debug|Any CPU
		{092C9597-A091-4B91-B843-C8BD577F6E31}.Release|Any CPU.ActiveCfg = Release|Any CPU
		{092C9597-A091-4B91-B843-C8BD577F6E31}.Release|Any CPU.Build.0 = Release|Any CPU
	EndGlobalSection
	GlobalSection(SolutionProperties) = preSolution
		HideSolutionNode = FALSE
	EndGlobalSection
	GlobalSection(ExtensibilityGlobals) = postSolution
		EnterpriseLibraryConfigurationToolBinariesPath = packages\Unity.2.1.505.0\lib\NET35;packages\Unity.Interception.2.1.505.0\lib\NET35;packages\EnterpriseLibrary.Common.5.0.505.0\lib\NET35;packages\EnterpriseLibrary.Security.Cryptography.5.0.505.0\lib\NET35
		SolutionGuid = {A48001E6-83A3-4B9E-82E5-B5B13197A7FA}
	EndGlobalSection
EndGlobal
